
Microsoft Visual Studio Solution File, Format Version 12.00
# Visual Studio Version 17
VisualStudioVersion = 17.10.35013.160
MinimumVisualStudioVersion = 10.0.40219.1
Project("{FAE04EC0-301F-11D3-BF4B-00C04F79EFBC}") = "WebApplication2test", "WebApplication2test\WebApplication2test.csproj", "{48C0673A-ABED-4D3D-93B6-CFB56301EB5B}"
EndProject
Global
	GlobalSection(SolutionConfigurationPlatforms) = preSolution
		Debug|Any CPU = Debug|Any CPU
		Release|Any CPU = Release|Any CPU
	EndGlobalSection
	GlobalSection(ProjectConfigurationPlatforms) = postSolution
		{48C0673A-ABED-4D3D-93B6-CFB56301EB5B}.Debug|Any CPU.ActiveCfg = Debug|Any CPU
		{48C0673A-ABED-4D3D-93B6-CFB56301EB5B}.Debug|Any CPU.Build.0 = Debug|Any CPU
		{48C0673A-ABED-4D3D-93B6-CFB56301EB5B}.Release|Any CPU.ActiveCfg = Release|Any CPU
		{48C0673A-ABED-4D3D-93B6-CFB56301EB5B}.Release|Any CPU.Build.0 = Release|Any CPU
	EndGlobalSection
	GlobalSection(SolutionProperties) = preSolution
		HideSolutionNode = FALSE
	EndGlobalSection
	GlobalSection(ExtensibilityGlobals) = postSolution
		SolutionGuid = {98002B69-74B5-4C88-89BE-61F1007A7CC4}
	EndGlobalSection
EndGlobal
